
Microsoft Visual Studio Solution File, Format Version 12.00
# Visual Studio Version 16
VisualStudioVersion = 16.0.29009.5
MinimumVisualStudioVersion = 10.0.40219.1
Project("{FAE04EC0-301F-11D3-BF4B-00C04F79EFBC}") = "AspNetCoreRulesChainSample", "AspNetCoreRulesChainSample\AspNetCoreRulesChainSample.csproj", "{3F6E6CF6-974C-4F47-827C-04601B80EE43}"
EndProject
Global
	GlobalSection(SolutionConfigurationPlatforms) = preSolution
		Debug|Any CPU = Debug|Any CPU
		Release|Any CPU = Release|Any CPU
	EndGlobalSection
	GlobalSection(ProjectConfigurationPlatforms) = postSolution
		{3F6E6CF6-974C-4F47-827C-04601B80EE43}.Debug|Any CPU.ActiveCfg = Debug|Any CPU
		{3F6E6CF6-974C-4F47-827C-04601B80EE43}.Debug|Any CPU.Build.0 = Debug|Any CPU
		{3F6E6CF6-974C-4F47-827C-04601B80EE43}.Release|Any CPU.ActiveCfg = Release|Any CPU
		{3F6E6CF6-974C-4F47-827C-04601B80EE43}.Release|Any CPU.Build.0 = Release|Any CPU
	EndGlobalSection
	GlobalSection(SolutionProperties) = preSolution
		HideSolutionNode = FALSE
	EndGlobalSection
	GlobalSection(ExtensibilityGlobals) = postSolution
		SolutionGuid = {C8C31BBD-3BE2-4034-86FA-DF4B02D771C6}
	EndGlobalSection
EndGlobal
